# THIS IS AN AUTOGENERATED FILE. DO NOT EDIT THIS FILE DIRECTLY.
# yarn lockfile v1


"@ctrl/qbittorrent@^2.8.2":
  version "2.10.0"
  resolved "https://registry.npmjs.org/@ctrl/qbittorrent/-/qbittorrent-2.10.0.tgz"
  integrity sha512-iq9dSmEJ3b7ghSYnO+Ib+4vJaSI8kj3p/jziJdLFbwrLycHWV45qJETXiJpR67zovvklphJ13ry/OXQpCbyDwQ==
  dependencies:
    "@ctrl/shared-torrent" "^3.0.5"
    "@ctrl/torrent-file" "^1.3.3"
    "@ctrl/url-join" "^1.0.4"
    form-data "^4.0.0"
    got "^11.8.2"
    tough-cookie "^4.0.0"

"@ctrl/shared-torrent@^3.0.5":
  version "3.0.5"
  resolved "https://registry.npmjs.org/@ctrl/shared-torrent/-/shared-torrent-3.0.5.tgz"
  integrity sha512-Yy9hmSxDLnJD2Ng9x6UmuXVte/kImZ4Uu2PaqSEN59vegIsowifytFtiZxQpIr6rm5NHC1ytrJnW0NvexbUAUQ==
  dependencies:
    got "^11.8.2"

"@ctrl/torrent-file@^1.3.3":
  version "1.3.3"
  resolved "https://registry.npmjs.org/@ctrl/torrent-file/-/torrent-file-1.3.3.tgz"
  integrity sha512-+A3+6WsSn5ERbG+1q7l950eI/UFW6w0tcmUdqyJkGcribT+wCgXWaZb5261ekDbPaIYdfJTlDT7TLde0BluYeQ==
  dependencies:
    crypto-hash "^1.3.0"
    lodash.isarraybuffer "^4.4.1"

"@ctrl/url-join@^1.0.4":
  version "1.0.4"
  resolved "https://registry.npmjs.org/@ctrl/url-join/-/url-join-1.0.4.tgz"
  integrity sha512-xfcJEJki0r4Ms0l3852KNnhaL620onOAVM1sn+smd3SyY/kt5ba6a8DNRAtn/G6/waU9uEQVSC6ygekRVdH+Xg==

"@discordjs/builders@^0.11.0":
  version "0.11.0"
  resolved "https://registry.npmjs.org/@discordjs/builders/-/builders-0.11.0.tgz"
  integrity sha512-ZTB8yJdJKrKlq44dpWkNUrAtEJEq0gqpb7ASdv4vmq6/mZal5kOv312hQ56I/vxwMre+VIkoHquNUAfnTbiYtg==
  dependencies:
    "@sindresorhus/is" "^4.2.0"
    discord-api-types "^0.26.0"
    ts-mixer "^6.0.0"
    tslib "^2.3.1"
    zod "^3.11.6"

"@discordjs/builders@^0.5.0":
  version "0.5.0"
  resolved "https://registry.npmjs.org/@discordjs/builders/-/builders-0.5.0.tgz"
  integrity sha512-HP5y4Rqw68o61Qv4qM5tVmDbWi4mdTFftqIOGRo33SNPpLJ1Ga3KEIR2ibKofkmsoQhEpLmopD1AZDs3cKpHuw==
  dependencies:
    "@sindresorhus/is" "^4.0.1"
    discord-api-types "^0.22.0"
    ow "^0.27.0"
    ts-mixer "^6.0.0"
    tslib "^2.3.0"

"@discordjs/collection@^0.1.6":
  version "0.1.6"
  resolved "https://registry.npmjs.org/@discordjs/collection/-/collection-0.1.6.tgz"
  integrity sha512-utRNxnd9kSS2qhyivo9lMlt5qgAUasH2gb7BEOn6p0efFh24gjGomHzWKMAPn2hEReOPQZCJaRKoURwRotKucQ==

"@discordjs/collection@^0.4.0":
  version "0.4.0"
  resolved "https://registry.npmjs.org/@discordjs/collection/-/collection-0.4.0.tgz"
  integrity sha512-zmjq+l/rV35kE6zRrwe8BHqV78JvIh2ybJeZavBi5NySjWXqN3hmmAKg7kYMMXSeiWtSsMoZ/+MQi0DiQWy2lw==

"@discordjs/rest@^0.1.0-canary.0":
  version "0.1.0-canary.0"
  resolved "https://registry.npmjs.org/@discordjs/rest/-/rest-0.1.0-canary.0.tgz"
  integrity sha512-d+s//ISYVV+e0w/926wMEeO7vju+Pn11x1JM4tcmVMCHSDgpi6pnFCNAXF1TEdnDcy7xf9tq5cf2pQkb/7ySTQ==
  dependencies:
    "@discordjs/collection" "^0.1.6"
    "@sapphire/async-queue" "^1.1.4"
    "@sapphire/snowflake" "^1.3.5"
    abort-controller "^3.0.0"
    discord-api-types "^0.18.1"
    form-data "^4.0.0"
    node-fetch "^2.6.1"
    tslib "^2.3.0"

"@firebase/analytics-types@0.6.0":
  version "0.6.0"
  resolved "https://registry.npmjs.org/@firebase/analytics-types/-/analytics-types-0.6.0.tgz"
  integrity sha512-kbMawY0WRPyL/lbknBkme4CNLl+Gw+E9G4OpNeXAauqoQiNkBgpIvZYy7BRT4sNGhZbxdxXxXbruqUwDzLmvTw==

"@firebase/analytics@0.6.18":
  version "0.6.18"
  resolved "https://registry.npmjs.org/@firebase/analytics/-/analytics-0.6.18.tgz"
  integrity sha512-FXNtYDxbs9ynPbzUVuG94BjFPOPpgJ7156660uvCBuKgoBCIVcNqKkJQQ7TH8384fqvGjbjdcgARY9jgAHbtog==
  dependencies:
    "@firebase/analytics-types" "0.6.0"
    "@firebase/component" "0.5.6"
    "@firebase/installations" "0.4.32"
    "@firebase/logger" "0.2.6"
    "@firebase/util" "1.3.0"
    tslib "^2.1.0"

"@firebase/app-check-interop-types@0.1.0":
  version "0.1.0"
  resolved "https://registry.npmjs.org/@firebase/app-check-interop-types/-/app-check-interop-types-0.1.0.tgz"
  integrity sha512-uZfn9s4uuRsaX5Lwx+gFP3B6YsyOKUE+Rqa6z9ojT4VSRAsZFko9FRn6OxQUA1z5t5d08fY4pf+/+Dkd5wbdbA==

"@firebase/app-check-types@0.3.1":
  version "0.3.1"
  resolved "https://registry.npmjs.org/@firebase/app-check-types/-/app-check-types-0.3.1.tgz"
  integrity sha512-KJ+BqJbdNsx4QT/JIT1yDj5p6D+QN97iJs3GuHnORrqL+DU3RWc9nSYQsrY6Tv9jVWcOkMENXAgDT484vzsm2w==

"@firebase/app-check@0.3.2":
  version "0.3.2"
  resolved "https://registry.npmjs.org/@firebase/app-check/-/app-check-0.3.2.tgz"
  integrity sha512-YjpsnV1xVTO1B836IKijRcDeceLgHQNJ/DWa+Vky9UHkm1Mi4qosddX8LZzldaWRTWKX7BN1MbZOLY8r7M/MZQ==
  dependencies:
    "@firebase/app-check-interop-types" "0.1.0"
    "@firebase/app-check-types" "0.3.1"
    "@firebase/component" "0.5.6"
    "@firebase/logger" "0.2.6"
    "@firebase/util" "1.3.0"
    tslib "^2.1.0"

"@firebase/app-types@0.6.3":
  version "0.6.3"
  resolved "https://registry.npmjs.org/@firebase/app-types/-/app-types-0.6.3.tgz"
  integrity sha512-/M13DPPati7FQHEQ9Minjk1HGLm/4K4gs9bR4rzLCWJg64yGtVC0zNg9gDpkw9yc2cvol/mNFxqTtd4geGrwdw==

"@firebase/app@0.6.30":
  version "0.6.30"
  resolved "https://registry.npmjs.org/@firebase/app/-/app-0.6.30.tgz"
  integrity sha512-uAYEDXyK0mmpZ8hWQj5TNd7WVvfsU8PgsqKpGljbFBG/HhsH8KbcykWAAA+c1PqL7dt/dbt0Reh1y9zEdYzMhg==
  dependencies:
    "@firebase/app-types" "0.6.3"
    "@firebase/component" "0.5.6"
    "@firebase/logger" "0.2.6"
    "@firebase/util" "1.3.0"
    dom-storage "2.1.0"
    tslib "^2.1.0"
    xmlhttprequest "1.8.0"

"@firebase/auth-interop-types@0.1.6":
  version "0.1.6"
  resolved "https://registry.npmjs.org/@firebase/auth-interop-types/-/auth-interop-types-0.1.6.tgz"
  integrity sha512-etIi92fW3CctsmR9e3sYM3Uqnoq861M0Id9mdOPF6PWIg38BXL5k4upCNBggGUpLIS0H1grMOvy/wn1xymwe2g==

"@firebase/auth-types@0.10.3":
  version "0.10.3"
  resolved "https://registry.npmjs.org/@firebase/auth-types/-/auth-types-0.10.3.tgz"
  integrity sha512-zExrThRqyqGUbXOFrH/sowuh2rRtfKHp9SBVY2vOqKWdCX1Ztn682n9WLtlUDsiYVIbBcwautYWk2HyCGFv0OA==

"@firebase/auth@0.16.8":
  version "0.16.8"
  resolved "https://registry.npmjs.org/@firebase/auth/-/auth-0.16.8.tgz"
  integrity sha512-mR0UXG4LirWIfOiCWxVmvz1o23BuKGxeItQ2cCUgXLTjNtWJXdcky/356iTUsd7ZV5A78s2NHeN5tIDDG6H4rg==
  dependencies:
    "@firebase/auth-types" "0.10.3"

"@firebase/component@0.5.6":
  version "0.5.6"
  resolved "https://registry.npmjs.org/@firebase/component/-/component-0.5.6.tgz"
  integrity sha512-GyQJ+2lrhsDqeGgd1VdS7W+Y6gNYyI0B51ovNTxeZVG/W8I7t9MwEiCWsCvfm5wQgfsKp9dkzOcJrL5k8oVO/Q==
  dependencies:
    "@firebase/util" "1.3.0"
    tslib "^2.1.0"

"@firebase/database-types@0.8.0":
  version "0.8.0"
  resolved "https://registry.npmjs.org/@firebase/database-types/-/database-types-0.8.0.tgz"
  integrity sha512-7IdjAFRfPWyG3b4wcXyghb3Y1CLCSJFZIg1xl5GbTVMttSQFT4B5NYdhsfA34JwAsv5pMzPpjOaS3/K9XJ2KiA==
  dependencies:
    "@firebase/app-types" "0.6.3"
    "@firebase/util" "1.3.0"

"@firebase/database@0.11.0":
  version "0.11.0"
  resolved "https://registry.npmjs.org/@firebase/database/-/database-0.11.0.tgz"
  integrity sha512-b/kwvCubr6G9coPlo48PbieBDln7ViFBHOGeVt/bt82yuv5jYZBEYAac/mtOVSxpf14aMo/tAN+Edl6SWqXApw==
  dependencies:
    "@firebase/auth-interop-types" "0.1.6"
    "@firebase/component" "0.5.6"
    "@firebase/database-types" "0.8.0"
    "@firebase/logger" "0.2.6"
    "@firebase/util" "1.3.0"
    faye-websocket "0.11.3"
    tslib "^2.1.0"

"@firebase/firestore-types@2.4.0":
  version "2.4.0"
  resolved "https://registry.npmjs.org/@firebase/firestore-types/-/firestore-types-2.4.0.tgz"
  integrity sha512-0dgwfuNP7EN6/OlK2HSNSQiQNGLGaRBH0gvgr1ngtKKJuJFuq0Z48RBMeJX9CGjV4TP9h2KaB+KrUKJ5kh1hMg==

"@firebase/firestore@2.4.1":
  version "2.4.1"
  resolved "https://registry.npmjs.org/@firebase/firestore/-/firestore-2.4.1.tgz"
  integrity sha512-S51XnILdhNt0ZA6bPnbxpqKPI5LatbGY9RQjA2TmATrjSPE3aWndJsLIrutI6aS9K+YFwy5+HLDKVRFYQfmKAw==
  dependencies:
    "@firebase/component" "0.5.6"
    "@firebase/firestore-types" "2.4.0"
    "@firebase/logger" "0.2.6"
    "@firebase/util" "1.3.0"
    "@firebase/webchannel-wrapper" "0.5.1"
    "@grpc/grpc-js" "^1.3.2"
    "@grpc/proto-loader" "^0.6.0"
    node-fetch "2.6.7"
    tslib "^2.1.0"

"@firebase/functions-types@0.4.0":
  version "0.4.0"
  resolved "https://registry.npmjs.org/@firebase/functions-types/-/functions-types-0.4.0.tgz"
  integrity sha512-3KElyO3887HNxtxNF1ytGFrNmqD+hheqjwmT3sI09FaDCuaxGbOnsXAXH2eQ049XRXw9YQpHMgYws/aUNgXVyQ==

"@firebase/functions@0.6.16":
  version "0.6.16"
  resolved "https://registry.npmjs.org/@firebase/functions/-/functions-0.6.16.tgz"
  integrity sha512-KDPjLKSjtR/zEH06YXXbdWTi8gzbKHGRzL/+ibZQA/1MLq0IilfM+1V1Fh8bADsMCUkxkqoc1yiA4SUbH5ajJA==
  dependencies:
    "@firebase/component" "0.5.6"
    "@firebase/functions-types" "0.4.0"
    "@firebase/messaging-types" "0.5.0"
    node-fetch "2.6.7"
    tslib "^2.1.0"

"@firebase/installations-types@0.3.4":
  version "0.3.4"
  resolved "https://registry.npmjs.org/@firebase/installations-types/-/installations-types-0.3.4.tgz"
  integrity sha512-RfePJFovmdIXb6rYwtngyxuEcWnOrzdZd9m7xAW0gRxDIjBT20n3BOhjpmgRWXo/DAxRmS7bRjWAyTHY9cqN7Q==

"@firebase/installations@0.4.32":
  version "0.4.32"
  resolved "https://registry.npmjs.org/@firebase/installations/-/installations-0.4.32.tgz"
  integrity sha512-K4UlED1Vrhd2rFQQJih+OgEj8OTtrtH4+Izkx7ip2bhXSc+unk8ZhnF69D0kmh7zjXAqEDJrmHs9O5fI3rV6Tw==
  dependencies:
    "@firebase/component" "0.5.6"
    "@firebase/installations-types" "0.3.4"
    "@firebase/util" "1.3.0"
    idb "3.0.2"
    tslib "^2.1.0"

"@firebase/logger@0.2.6":
  version "0.2.6"
  resolved "https://registry.npmjs.org/@firebase/logger/-/logger-0.2.6.tgz"
  integrity sha512-KIxcUvW/cRGWlzK9Vd2KB864HlUnCfdTH0taHE0sXW5Xl7+W68suaeau1oKNEqmc3l45azkd4NzXTCWZRZdXrw==

"@firebase/messaging-types@0.5.0":
  version "0.5.0"
  resolved "https://registry.npmjs.org/@firebase/messaging-types/-/messaging-types-0.5.0.tgz"
  integrity sha512-QaaBswrU6umJYb/ZYvjR5JDSslCGOH6D9P136PhabFAHLTR4TWjsaACvbBXuvwrfCXu10DtcjMxqfhdNIB1Xfg==

"@firebase/messaging@0.8.0":
  version "0.8.0"
  resolved "https://registry.npmjs.org/@firebase/messaging/-/messaging-0.8.0.tgz"
  integrity sha512-hkFHDyVe1kMcY9KEG+prjCbvS6MtLUgVFUbbQqq7JQfiv58E07YCzRUcMrJolbNi/1QHH6Jv16DxNWjJB9+/qA==
  dependencies:
    "@firebase/component" "0.5.6"
    "@firebase/installations" "0.4.32"
    "@firebase/messaging-types" "0.5.0"
    "@firebase/util" "1.3.0"
    idb "3.0.2"
    tslib "^2.1.0"

"@firebase/performance-types@0.0.13":
  version "0.0.13"
  resolved "https://registry.npmjs.org/@firebase/performance-types/-/performance-types-0.0.13.tgz"
  integrity sha512-6fZfIGjQpwo9S5OzMpPyqgYAUZcFzZxHFqOyNtorDIgNXq33nlldTL/vtaUZA8iT9TT5cJlCrF/jthKU7X21EA==

"@firebase/performance@0.4.18":
  version "0.4.18"
  resolved "https://registry.npmjs.org/@firebase/performance/-/performance-0.4.18.tgz"
  integrity sha512-lvZW/TVDne2TyOpWbv++zjRn277HZpbjxbIPfwtnmKjVY1gJ+H77Qi1c2avVIc9hg80uGX/5tNf4pOApNDJLVg==
  dependencies:
    "@firebase/component" "0.5.6"
    "@firebase/installations" "0.4.32"
    "@firebase/logger" "0.2.6"
    "@firebase/performance-types" "0.0.13"
    "@firebase/util" "1.3.0"
    tslib "^2.1.0"

"@firebase/polyfill@0.3.36":
  version "0.3.36"
  resolved "https://registry.npmjs.org/@firebase/polyfill/-/polyfill-0.3.36.tgz"
  integrity sha512-zMM9oSJgY6cT2jx3Ce9LYqb0eIpDE52meIzd/oe/y70F+v9u1LDqk5kUF5mf16zovGBWMNFmgzlsh6Wj0OsFtg==
  dependencies:
    core-js "3.6.5"
    promise-polyfill "8.1.3"
    whatwg-fetch "2.0.4"

"@firebase/remote-config-types@0.1.9":
  version "0.1.9"
  resolved "https://registry.npmjs.org/@firebase/remote-config-types/-/remote-config-types-0.1.9.tgz"
  integrity sha512-G96qnF3RYGbZsTRut7NBX0sxyczxt1uyCgXQuH/eAfUCngxjEGcZQnBdy6mvSdqdJh5mC31rWPO4v9/s7HwtzA==

"@firebase/remote-config@0.1.43":
  version "0.1.43"
  resolved "https://registry.npmjs.org/@firebase/remote-config/-/remote-config-0.1.43.tgz"
  integrity sha512-laNM4MN0CfeSp7XCVNjYOC4DdV6mj0l2rzUh42x4v2wLTweCoJ/kc1i4oWMX9TI7Jw8Am5Wl71Awn1J2pVe5xA==
  dependencies:
    "@firebase/component" "0.5.6"
    "@firebase/installations" "0.4.32"
    "@firebase/logger" "0.2.6"
    "@firebase/remote-config-types" "0.1.9"
    "@firebase/util" "1.3.0"
    tslib "^2.1.0"

"@firebase/storage-types@0.5.0":
  version "0.5.0"
  resolved "https://registry.npmjs.org/@firebase/storage-types/-/storage-types-0.5.0.tgz"
  integrity sha512-6Wv3Lu7s18hsgW7HG4BFwycTquZ3m/C8bjBoOsmPu0TD6M1GKwCzOC7qBdN7L6tRYPh8ipTj5+rPFrmhGfUVKA==

"@firebase/storage@0.7.1":
  version "0.7.1"
  resolved "https://registry.npmjs.org/@firebase/storage/-/storage-0.7.1.tgz"
  integrity sha512-T7uH6lAgNs/Zq8V3ElvR3ypTQSGWon/R7WRM2I5Td/d0PTsNIIHSAGB6q4Au8mQEOz3HDTfjNQ9LuQ07R6S2ug==
  dependencies:
    "@firebase/component" "0.5.6"
    "@firebase/storage-types" "0.5.0"
    "@firebase/util" "1.3.0"
    node-fetch "2.6.7"
    tslib "^2.1.0"

"@firebase/util@1.3.0":
  version "1.3.0"
  resolved "https://registry.npmjs.org/@firebase/util/-/util-1.3.0.tgz"
  integrity sha512-SESvmYwuKOVCZ1ZxLbberbx+9cnbxpCa4CG2FUSQYqN6Ab8KyltegMDIsqMw5KyIBZ4n1phfHoOa22xo5NzAlQ==
  dependencies:
    tslib "^2.1.0"

"@firebase/webchannel-wrapper@0.5.1":
  version "0.5.1"
  resolved "https://registry.npmjs.org/@firebase/webchannel-wrapper/-/webchannel-wrapper-0.5.1.tgz"
  integrity sha512-dZMzN0uAjwJXWYYAcnxIwXqRTZw3o14hGe7O6uhwjD1ZQWPVYA5lASgnNskEBra0knVBsOXB4KXg+HnlKewN/A==

"@grpc/grpc-js@^1.3.2":
  version "1.6.2"
  resolved "https://registry.npmjs.org/@grpc/grpc-js/-/grpc-js-1.6.2.tgz"
  integrity sha512-9+89Ne1K8F9u86T+l1yIV2DS+dWHYVK61SsDZN4MFTFehOOaJ4rHxa1cW8Lwdn2/6tOx7N3+SY/vfcjztOHopA==
  dependencies:
    "@grpc/proto-loader" "^0.6.4"
    "@types/node" ">=12.12.47"

"@grpc/proto-loader@^0.6.0", "@grpc/proto-loader@^0.6.4":
  version "0.6.9"
  resolved "https://registry.npmjs.org/@grpc/proto-loader/-/proto-loader-0.6.9.tgz"
  integrity sha512-UlcCS8VbsU9d3XTXGiEVFonN7hXk+oMXZtoHHG2oSA1/GcDP1q6OUgs20PzHDGizzyi8ufGSUDlk3O2NyY7leg==
  dependencies:
    "@types/long" "^4.0.1"
    lodash.camelcase "^4.3.0"
    long "^4.0.0"
    protobufjs "^6.10.0"
    yargs "^16.2.0"

"@protobufjs/aspromise@^1.1.1", "@protobufjs/aspromise@^1.1.2":
  version "1.1.2"
  resolved "https://registry.npmjs.org/@protobufjs/aspromise/-/aspromise-1.1.2.tgz"
  integrity sha1-m4sMxmPWaafY9vXQiToU00jzD78=

"@protobufjs/base64@^1.1.2":
  version "1.1.2"
  resolved "https://registry.npmjs.org/@protobufjs/base64/-/base64-1.1.2.tgz"
  integrity sha512-AZkcAA5vnN/v4PDqKyMR5lx7hZttPDgClv83E//FMNhR2TMcLUhfRUBHCmSl0oi9zMgDDqRUJkSxO3wm85+XLg==

"@protobufjs/codegen@^2.0.4":
  version "2.0.4"
  resolved "https://registry.npmjs.org/@protobufjs/codegen/-/codegen-2.0.4.tgz"
  integrity sha512-YyFaikqM5sH0ziFZCN3xDC7zeGaB/d0IUb9CATugHWbd1FRFwWwt4ld4OYMPWu5a3Xe01mGAULCdqhMlPl29Jg==

"@protobufjs/eventemitter@^1.1.0":
  version "1.1.0"
  resolved "https://registry.npmjs.org/@protobufjs/eventemitter/-/eventemitter-1.1.0.tgz"
  integrity sha1-NVy8mLr61ZePntCV85diHx0Ga3A=

"@protobufjs/fetch@^1.1.0":
  version "1.1.0"
  resolved "https://registry.npmjs.org/@protobufjs/fetch/-/fetch-1.1.0.tgz"
  integrity sha1-upn7WYYUr2VwDBYZ/wbUVLDYTEU=
  dependencies:
    "@protobufjs/aspromise" "^1.1.1"
    "@protobufjs/inquire" "^1.1.0"

"@protobufjs/float@^1.0.2":
  version "1.0.2"
  resolved "https://registry.npmjs.org/@protobufjs/float/-/float-1.0.2.tgz"
  integrity sha1-Xp4avctz/Ap8uLKR33jIy9l7h9E=

"@protobufjs/inquire@^1.1.0":
  version "1.1.0"
  resolved "https://registry.npmjs.org/@protobufjs/inquire/-/inquire-1.1.0.tgz"
  integrity sha1-/yAOPnzyQp4tyvwRQIKOjMY48Ik=

"@protobufjs/path@^1.1.2":
  version "1.1.2"
  resolved "https://registry.npmjs.org/@protobufjs/path/-/path-1.1.2.tgz"
  integrity sha1-bMKyDFya1q0NzP0hynZz2Nf79o0=

"@protobufjs/pool@^1.1.0":
  version "1.1.0"
  resolved "https://registry.npmjs.org/@protobufjs/pool/-/pool-1.1.0.tgz"
  integrity sha1-Cf0V8tbTq/qbZbw2ZQbWrXhG/1Q=

"@protobufjs/utf8@^1.1.0":
  version "1.1.0"
  resolved "https://registry.npmjs.org/@protobufjs/utf8/-/utf8-1.1.0.tgz"
  integrity sha1-p3c2C1s5oaLlEG+OhY8v0tBgxXA=

"@sapphire/async-queue@^1.1.4", "@sapphire/async-queue@^1.1.9":
  version "1.3.1"
  resolved "https://registry.npmjs.org/@sapphire/async-queue/-/async-queue-1.3.1.tgz"
  integrity sha512-FFTlPOWZX1kDj9xCAsRzH5xEJfawg1lNoYAA+ecOWJMHOfiZYb1uXOI3ne9U4UILSEPwfE68p3T9wUHwIQfR0g==

"@sapphire/snowflake@^1.3.5":
  version "1.3.6"
  resolved "https://registry.npmjs.org/@sapphire/snowflake/-/snowflake-1.3.6.tgz"
  integrity sha512-QnzuLp+p9D7agynVub/zqlDVriDza9y3STArBhNiNBUgIX8+GL5FpQxstRfw1jDr5jkZUjcuKYAHxjIuXKdJAg==

"@sindresorhus/is@^4.0.0", "@sindresorhus/is@^4.0.1", "@sindresorhus/is@^4.2.0":
  version "4.6.0"
  resolved "https://registry.npmjs.org/@sindresorhus/is/-/is-4.6.0.tgz"
  integrity sha512-t09vSN3MdfsyCHoFcTRCH/iUtG7OJ0CsjzB8cjAmKc/va/kIgeDI/TxsigdncE/4be734m0cvIYwNaV4i2XqAw==

"@szmarczak/http-timer@^4.0.5":
  version "4.0.6"
  resolved "https://registry.npmjs.org/@szmarczak/http-timer/-/http-timer-4.0.6.tgz"
  integrity sha512-4BAffykYOgO+5nzBWYwE3W90sBgLJoUPRWWcL8wlyiM8IB8ipJz3UMJ9KXQd1RKQXpKp8Tutn80HZtWsu2u76w==
  dependencies:
    defer-to-connect "^2.0.0"

"@types/cacheable-request@^6.0.1":
  version "6.0.2"
  resolved "https://registry.npmjs.org/@types/cacheable-request/-/cacheable-request-6.0.2.tgz"
  integrity sha512-B3xVo+dlKM6nnKTcmm5ZtY/OL8bOAOd2Olee9M1zft65ox50OzjEHW91sDiU9j6cvW8Ejg1/Qkf4xd2kugApUA==
  dependencies:
    "@types/http-cache-semantics" "*"
    "@types/keyv" "*"
    "@types/node" "*"
    "@types/responselike" "*"

"@types/cron@^1.7.3":
  version "1.7.3"
  resolved "https://registry.npmjs.org/@types/cron/-/cron-1.7.3.tgz"
  integrity sha512-iPmUXyIJG1Js+ldPYhOQcYU3kCAQ2FWrSkm1FJPoii2eYSn6wEW6onPukNTT0bfiflexNSRPl6KWmAIqS+36YA==
  dependencies:
    "@types/node" "*"
    moment ">=2.14.0"

"@types/http-cache-semantics@*":
  version "4.0.1"
  resolved "https://registry.npmjs.org/@types/http-cache-semantics/-/http-cache-semantics-4.0.1.tgz"
  integrity sha512-SZs7ekbP8CN0txVG2xVRH6EgKmEm31BOxA07vkFaETzZz1xh+cbt8BcI0slpymvwhx5dlFnQG2rTlPVQn+iRPQ==

"@types/json-buffer@~3.0.0":
  version "3.0.0"
  resolved "https://registry.npmjs.org/@types/json-buffer/-/json-buffer-3.0.0.tgz"
  integrity sha512-3YP80IxxFJB4b5tYC2SUPwkg0XQLiu0nWvhRgEatgjf+29IcWO9X1k8xRv5DGssJ/lCrjYTjQPcobJr2yWIVuQ==

"@types/keyv@*":
  version "3.1.4"
  resolved "https://registry.npmjs.org/@types/keyv/-/keyv-3.1.4.tgz"
  integrity sha512-BQ5aZNSCpj7D6K2ksrRCTmKRLEpnPvWDiLPfoGyhZ++8YtiK9d/3DBKPJgry359X/P1PfruyYwvnvwFjuEiEIg==
  dependencies:
    "@types/node" "*"

"@types/long@^4.0.1":
  version "4.0.1"
  resolved "https://registry.npmjs.org/@types/long/-/long-4.0.1.tgz"
  integrity sha512-5tXH6Bx/kNGd3MgffdmP4dy2Z+G4eaXw0SE81Tq3BNadtnMR5/ySMzX4SLEzHJzSmPNn4HIdpQsBvXMUykr58w==

"@types/node-fetch@^2.5.12":
  version "2.6.1"
  resolved "https://registry.npmjs.org/@types/node-fetch/-/node-fetch-2.6.1.tgz"
  integrity sha512-oMqjURCaxoSIsHSr1E47QHzbmzNR5rK8McHuNb11BOM9cHcIK3Avy0s/b2JlXHoQGTYS3NsvWzV1M0iK7l0wbA==
  dependencies:
    "@types/node" "*"
    form-data "^3.0.0"

"@types/node@*", "@types/node@>=12.12.47", "@types/node@>=13.7.0":
  version "17.0.23"
  resolved "https://registry.npmjs.org/@types/node/-/node-17.0.23.tgz"
  integrity sha512-UxDxWn7dl97rKVeVS61vErvw086aCYhDLyvRQZ5Rk65rZKepaFdm53GeqXaKBuOhED4e9uWq34IC3TdSdJJ2Gw==

"@types/node@^16.11.6":
  version "16.11.26"
  resolved "https://registry.npmjs.org/@types/node/-/node-16.11.26.tgz"
  integrity sha512-GZ7bu5A6+4DtG7q9GsoHXy3ALcgeIHP4NnL0Vv2wu0uUB/yQex26v0tf6/na1mm0+bS9Uw+0DFex7aaKr2qawQ==

"@types/responselike@*", "@types/responselike@^1.0.0":
  version "1.0.0"
  resolved "https://registry.npmjs.org/@types/responselike/-/responselike-1.0.0.tgz"
  integrity sha512-85Y2BjiufFzaMIlvJDvTTB8Fxl2xfLo4HgmHzVBz08w4wDePCTjYw66PdrolO0kzli3yam/YCgRufyo1DdQVTA==
  dependencies:
    "@types/node" "*"

"@types/string-similarity@^4.0.0":
  version "4.0.0"
  resolved "https://registry.npmjs.org/@types/string-similarity/-/string-similarity-4.0.0.tgz"
  integrity sha512-dMS4S07fbtY1AILG/RhuwmptmzK1Ql8scmAebOTJ/8iBtK/KI17NwGwKzu1uipjj8Kk+3mfPxum56kKZE93mzQ==

"@types/ws@^8.2.2":
  version "8.5.3"
  resolved "https://registry.npmjs.org/@types/ws/-/ws-8.5.3.tgz"
  integrity sha512-6YOoWjruKj1uLf3INHH7D3qTXwFfEsg1kf3c0uDdSBJwfa/llkwIjrAGV7j7mVgGNbzTQ3HiHKKDXl6bJPD97w==
  dependencies:
    "@types/node" "*"

abort-controller@^3.0.0:
  version "3.0.0"
  resolved "https://registry.npmjs.org/abort-controller/-/abort-controller-3.0.0.tgz"
  integrity sha512-h8lQ8tacZYnR3vNQTgibj+tODHI5/+l06Au2Pcriv/Gmet0eaj4TwWH41sO9wnHDiQsEj19q0drzdWdeAHtweg==
  dependencies:
    event-target-shim "^5.0.0"

anitomy-js@^5.1.0:
  version "5.1.0"
  resolved "https://registry.yarnpkg.com/anitomy-js/-/anitomy-js-5.1.0.tgz#2e010c0b38616ca3160dad6b3f3f242e9aeef67f"
  integrity sha512-3w6rCDEnfViM72HKHz4RbFpxswtYSpon0T3bjmmAcr5Oew4qXOL9Cwr5CyvWewOMSI2k5SRoUTYNzClXYgVIRw==
  dependencies:
    node-addon-api "^4.3.0"

ansi-regex@^5.0.1:
  version "5.0.1"
  resolved "https://registry.npmjs.org/ansi-regex/-/ansi-regex-5.0.1.tgz"
  integrity sha512-quJQXlTSUGL2LH9SUXo8VwsY4soanhgo6LNSm84E1LBcE8s3O0wpdiRzyR9z/ZZJMlMWv37qOOb9pdJlMUEKFQ==

ansi-styles@^4.0.0:
  version "4.3.0"
  resolved "https://registry.npmjs.org/ansi-styles/-/ansi-styles-4.3.0.tgz"
  integrity sha512-zbB9rCJAT1rbjiVDb2hqKFHNYLxgtk8NURxZ3IZwD3F6NtxbXZQCnnSi1Lkx+IDohdPlFp222wVALIheZJQSEg==
  dependencies:
    color-convert "^2.0.1"

asynckit@^0.4.0:
  version "0.4.0"
  resolved "https://registry.npmjs.org/asynckit/-/asynckit-0.4.0.tgz"
  integrity sha1-x57Zf380y48robyXkLzDZkdLS3k=

axios@^0.21.4:
  version "0.21.4"
  resolved "https://registry.npmjs.org/axios/-/axios-0.21.4.tgz"
  integrity sha512-ut5vewkiu8jjGBdqpM44XxjuCjq9LAKeHVmoVfHVzy8eHgxxq8SbAVQNovDA8mVi05kP0Ea/n/UzcSHcTJQfNg==
  dependencies:
    follow-redirects "^1.14.0"

cacheable-lookup@^5.0.3:
  version "5.0.4"
  resolved "https://registry.npmjs.org/cacheable-lookup/-/cacheable-lookup-5.0.4.tgz"
  integrity sha512-2/kNscPhpcxrOigMZzbiWF7dz8ilhb/nIHU3EyZiXWXpeq/au8qJ8VhdftMkty3n7Gj6HIGalQG8oiBNB3AJgA==

cacheable-request@^7.0.2:
  version "7.0.2"
  resolved "https://registry.npmjs.org/cacheable-request/-/cacheable-request-7.0.2.tgz"
  integrity sha512-pouW8/FmiPQbuGpkXQ9BAPv/Mo5xDGANgSNXzTzJ8DrKGuXOssM4wIQRjfanNRh3Yu5cfYPvcorqbhg2KIJtew==
  dependencies:
    clone-response "^1.0.2"
    get-stream "^5.1.0"
    http-cache-semantics "^4.0.0"
    keyv "^4.0.0"
    lowercase-keys "^2.0.0"
    normalize-url "^6.0.1"
    responselike "^2.0.0"

callsites@^3.1.0:
  version "3.1.0"
  resolved "https://registry.npmjs.org/callsites/-/callsites-3.1.0.tgz"
  integrity sha512-P8BjAsXvZS+VIDUI11hHCQEv74YT67YUi5JJFNWIqL235sBmjX4+qx9Muvls5ivyNENctx46xQLQ3aTuE7ssaQ==

cliui@^7.0.2:
  version "7.0.4"
  resolved "https://registry.npmjs.org/cliui/-/cliui-7.0.4.tgz"
  integrity sha512-OcRE68cOsVMXp1Yvonl/fzkQOyjLSu/8bhPDfQt0e0/Eb283TKP20Fs2MqoPsr9SwA595rRCA+QMzYc9nBP+JQ==
  dependencies:
    string-width "^4.2.0"
    strip-ansi "^6.0.0"
    wrap-ansi "^7.0.0"

clone-response@^1.0.2:
  version "1.0.2"
  resolved "https://registry.npmjs.org/clone-response/-/clone-response-1.0.2.tgz"
  integrity sha1-0dyXOSAxTfZ/vrlCI7TuNQI56Ws=
  dependencies:
    mimic-response "^1.0.0"

color-convert@^2.0.1:
  version "2.0.1"
  resolved "https://registry.npmjs.org/color-convert/-/color-convert-2.0.1.tgz"
  integrity sha512-RRECPsj7iu/xb5oKYcsFHSppFNnsj/52OVTRKb4zP5onXwVF3zVmmToNcOfGC+CRDpfK/U584fMg38ZHCaElKQ==
  dependencies:
    color-name "~1.1.4"

color-name@~1.1.4:
  version "1.1.4"
  resolved "https://registry.npmjs.org/color-name/-/color-name-1.1.4.tgz"
  integrity sha512-dOy+3AuW3a2wNbZHIuMZpTcgjGuLU/uBL/ubcZF9OXbDo8ff4O8yVp5Bf0efS8uEoYo5q4Fx7dY9OgQGXgAsQA==

combined-stream@^1.0.8:
  version "1.0.8"
  resolved "https://registry.npmjs.org/combined-stream/-/combined-stream-1.0.8.tgz"
  integrity sha512-FQN4MRfuJeHf7cBbBMJFXhKSDq+2kAArBlmRBvcvFE5BB1HZKXtSFASDhdlz9zOYwxh8lDdnvmMOe/+5cdoEdg==
  dependencies:
    delayed-stream "~1.0.0"

compress-brotli@^1.3.6:
  version "1.3.6"
  resolved "https://registry.npmjs.org/compress-brotli/-/compress-brotli-1.3.6.tgz"
  integrity sha512-au99/GqZtUtiCBliqLFbWlhnCxn+XSYjwZ77q6mKN4La4qOXDoLVPZ50iXr0WmAyMxl8yqoq3Yq4OeQNPPkyeQ==
  dependencies:
    "@types/json-buffer" "~3.0.0"
    json-buffer "~3.0.1"

core-js@3.6.5:
  version "3.6.5"
  resolved "https://registry.npmjs.org/core-js/-/core-js-3.6.5.tgz"
  integrity sha512-vZVEEwZoIsI+vPEuoF9Iqf5H7/M3eeQqWlQnYa8FSKKePuYTf5MWnxb5SDAzCa60b3JBRS5g9b+Dq7b1y/RCrA==

cron@^1.8.2:
  version "1.8.2"
  resolved "https://registry.npmjs.org/cron/-/cron-1.8.2.tgz"
  integrity sha512-Gk2c4y6xKEO8FSAUTklqtfSr7oTq0CiPQeLBG5Fl0qoXpZyMcj1SG59YL+hqq04bu6/IuEA7lMkYDAplQNKkyg==
  dependencies:
    moment-timezone "^0.5.x"

crypto-hash@^1.3.0:
  version "1.3.0"
  resolved "https://registry.npmjs.org/crypto-hash/-/crypto-hash-1.3.0.tgz"
  integrity sha512-lyAZ0EMyjDkVvz8WOeVnuCPvKVBXcMv1l5SVqO1yC7PzTwrD/pPje/BIRbWhMoPe436U+Y2nD7f5bFx0kt+Sbg==

decompress-response@^6.0.0:
  version "6.0.0"
  resolved "https://registry.npmjs.org/decompress-response/-/decompress-response-6.0.0.tgz"
  integrity sha512-aW35yZM6Bb/4oJlZncMH2LCoZtJXTRxES17vE3hoRiowU2kWHaJKFkSBDnDR+cm9J+9QhXmREyIfv0pji9ejCQ==
  dependencies:
    mimic-response "^3.1.0"

defer-to-connect@^2.0.0:
  version "2.0.1"
  resolved "https://registry.npmjs.org/defer-to-connect/-/defer-to-connect-2.0.1.tgz"
  integrity sha512-4tvttepXG1VaYGrRibk5EwJd1t4udunSOVMdLSAL6mId1ix438oPwPZMALY41FCijukO1L0twNcGsdzS7dHgDg==

delayed-stream@~1.0.0:
  version "1.0.0"
  resolved "https://registry.npmjs.org/delayed-stream/-/delayed-stream-1.0.0.tgz"
  integrity sha1-3zrhmayt+31ECqrgsp4icrJOxhk=

discord-api-types@^0.18.1:
  version "0.18.1"
  resolved "https://registry.npmjs.org/discord-api-types/-/discord-api-types-0.18.1.tgz"
  integrity sha512-hNC38R9ZF4uaujaZQtQfm5CdQO58uhdkoHQAVvMfIL0LgOSZeW575W8H6upngQOuoxWd8tiRII3LLJm9zuQKYg==

discord-api-types@^0.22.0:
  version "0.22.0"
  resolved "https://registry.npmjs.org/discord-api-types/-/discord-api-types-0.22.0.tgz"
  integrity sha512-l8yD/2zRbZItUQpy7ZxBJwaLX/Bs2TGaCthRppk8Sw24LOIWg12t9JEreezPoYD0SQcC2htNNo27kYEpYW/Srg==

discord-api-types@^0.26.0:
  version "0.26.1"
  resolved "https://registry.npmjs.org/discord-api-types/-/discord-api-types-0.26.1.tgz"
  integrity sha512-T5PdMQ+Y1MEECYMV5wmyi9VEYPagEDEi4S0amgsszpWY0VB9JJ/hEvM6BgLhbdnKky4gfmZEXtEEtojN8ZKJQQ==

discord-webhook-node@^1.1.8:
  version "1.1.8"
  resolved "https://registry.npmjs.org/discord-webhook-node/-/discord-webhook-node-1.1.8.tgz"
  integrity sha512-3u0rrwywwYGc6HrgYirN/9gkBYqmdpvReyQjapoXARAHi0P0fIyf3W5tS5i3U3cc7e44E+e7dIHYUeec7yWaug==
  dependencies:
    form-data "^3.0.0"
    node-fetch "^2.6.0"

discord.js@^13.1.0:
  version "13.6.0"
  resolved "https://registry.npmjs.org/discord.js/-/discord.js-13.6.0.tgz"
  integrity sha512-tXNR8zgsEPxPBvGk3AQjJ9ljIIC6/LOPjzKwpwz8Y1Q2X66Vi3ZqFgRHYwnHKC0jC0F+l4LzxlhmOJsBZDNg9g==
  dependencies:
    "@discordjs/builders" "^0.11.0"
    "@discordjs/collection" "^0.4.0"
    "@sapphire/async-queue" "^1.1.9"
    "@types/node-fetch" "^2.5.12"
    "@types/ws" "^8.2.2"
    discord-api-types "^0.26.0"
    form-data "^4.0.0"
    node-fetch "^2.6.1"
    ws "^8.4.0"

dom-storage@2.1.0:
  version "2.1.0"
  resolved "https://registry.npmjs.org/dom-storage/-/dom-storage-2.1.0.tgz"
  integrity sha512-g6RpyWXzl0RR6OTElHKBl7nwnK87GUyZMYC7JWsB/IA73vpqK2K6LT39x4VepLxlSsWBFrPVLnsSR5Jyty0+2Q==

dot-prop@^6.0.1:
  version "6.0.1"
  resolved "https://registry.npmjs.org/dot-prop/-/dot-prop-6.0.1.tgz"
  integrity sha512-tE7ztYzXHIeyvc7N+hR3oi7FIbf/NIjVP9hmAt3yMXzrQ072/fpjGLx2GxNxGxUl5V73MEqYzioOMoVhGMJ5cA==
  dependencies:
    is-obj "^2.0.0"

emoji-regex@^8.0.0:
  version "8.0.0"
  resolved "https://registry.npmjs.org/emoji-regex/-/emoji-regex-8.0.0.tgz"
  integrity sha512-MSjYzcWNOA0ewAHpz0MxpYFvwg6yjy1NG3xteoqz644VCo/RPgnr1/GGt+ic3iJTzQ8Eu3TdM14SawnVUmGE6A==

end-of-stream@^1.1.0:
  version "1.4.4"
  resolved "https://registry.npmjs.org/end-of-stream/-/end-of-stream-1.4.4.tgz"
  integrity sha512-+uw1inIHVPQoaVuHzRyXd21icM+cnt4CzD5rW+NC1wjOUSTOs+Te7FOv7AhN7vS9x/oIyhLP5PR1H+phQAHu5Q==
  dependencies:
    once "^1.4.0"

entities@^2.0.3:
  version "2.2.0"
  resolved "https://registry.npmjs.org/entities/-/entities-2.2.0.tgz"
  integrity sha512-p92if5Nz619I0w+akJrLZH0MX0Pb5DX39XOwQTtXSdQQOaYH03S1uIQp4mhOZtAXrxq4ViO67YTiLBo2638o9A==

escalade@^3.1.1:
  version "3.1.1"
  resolved "https://registry.npmjs.org/escalade/-/escalade-3.1.1.tgz"
  integrity sha512-k0er2gUkLf8O0zKJiAhmkTnJlTvINGv7ygDNPbeIsX/TJjGJZHuh9B2UxbsaEkmlEo9MfhrSzmhIlhRlI2GXnw==

event-target-shim@^5.0.0:
  version "5.0.1"
  resolved "https://registry.npmjs.org/event-target-shim/-/event-target-shim-5.0.1.tgz"
  integrity sha512-i/2XbnSz/uxRCU6+NdVJgKWDTM427+MqYbkQzD321DuCQJUqOuJKIA0IM2+W2xtYHdKOmZ4dR6fExsd4SXL+WQ==

faye-websocket@0.11.3:
  version "0.11.3"
  resolved "https://registry.npmjs.org/faye-websocket/-/faye-websocket-0.11.3.tgz"
  integrity sha512-D2y4bovYpzziGgbHYtGCMjlJM36vAl/y+xUyn1C+FVx8szd1E+86KwVw6XvYSzOP8iMpm1X0I4xJD+QtUb36OA==
  dependencies:
    websocket-driver ">=0.5.1"

firebase@^8.9.1:
  version "8.10.1"
  resolved "https://registry.npmjs.org/firebase/-/firebase-8.10.1.tgz"
  integrity sha512-84z/zqF8Y5IpUYN8nREZ/bxbGtF5WJDOBy4y0hAxRzGpB5+2tw9PQgtTnUzk6MQiVEf/WOniMUL3pCVXKsxALw==
  dependencies:
    "@firebase/analytics" "0.6.18"
    "@firebase/app" "0.6.30"
    "@firebase/app-check" "0.3.2"
    "@firebase/app-types" "0.6.3"
    "@firebase/auth" "0.16.8"
    "@firebase/database" "0.11.0"
    "@firebase/firestore" "2.4.1"
    "@firebase/functions" "0.6.16"
    "@firebase/installations" "0.4.32"
    "@firebase/messaging" "0.8.0"
    "@firebase/performance" "0.4.18"
    "@firebase/polyfill" "0.3.36"
    "@firebase/remote-config" "0.1.43"
    "@firebase/storage" "0.7.1"
    "@firebase/util" "1.3.0"

follow-redirects@^1.14.0:
  version "1.14.9"
  resolved "https://registry.npmjs.org/follow-redirects/-/follow-redirects-1.14.9.tgz"
  integrity sha512-MQDfihBQYMcyy5dhRDJUHcw7lb2Pv/TuE6xP1vyraLukNDHKbDxDNaOE3NbCAdKQApno+GPRyo1YAp89yCjK4w==

form-data@^3.0.0:
  version "3.0.1"
  resolved "https://registry.npmjs.org/form-data/-/form-data-3.0.1.tgz"
  integrity sha512-RHkBKtLWUVwd7SqRIvCZMEvAMoGUp0XU+seQiZejj0COz3RI3hWP4sCv3gZWWLjJTd7rGwcsF5eKZGii0r/hbg==
  dependencies:
    asynckit "^0.4.0"
    combined-stream "^1.0.8"
    mime-types "^2.1.12"

form-data@^4.0.0:
  version "4.0.0"
  resolved "https://registry.npmjs.org/form-data/-/form-data-4.0.0.tgz"
  integrity sha512-ETEklSGi5t0QMZuiXoA/Q6vcnxcLQP5vdugSpuAyi6SVGi2clPPp+xgEhuMaHC+zGgn31Kd235W35f7Hykkaww==
  dependencies:
    asynckit "^0.4.0"
    combined-stream "^1.0.8"
    mime-types "^2.1.12"

get-caller-file@^2.0.5:
  version "2.0.5"
  resolved "https://registry.npmjs.org/get-caller-file/-/get-caller-file-2.0.5.tgz"
  integrity sha512-DyFP3BM/3YHTQOCUL/w0OZHR0lpKeGrxotcHWcqNEdnltqFwXVfhEBQ94eIo34AfQpo0rGki4cyIiftY06h2Fg==

get-stream@^5.1.0:
  version "5.2.0"
  resolved "https://registry.npmjs.org/get-stream/-/get-stream-5.2.0.tgz"
  integrity sha512-nBF+F1rAZVCu/p7rjzgA+Yb4lfYXrpl7a6VmJrU8wF9I1CKvP/QwPNZHnOlwbTkY6dvtFIzFMSyQXbLoTQPRpA==
  dependencies:
    pump "^3.0.0"

got@^11.8.2:
  version "11.8.3"
  resolved "https://registry.npmjs.org/got/-/got-11.8.3.tgz"
  integrity sha512-7gtQ5KiPh1RtGS9/Jbv1ofDpBFuq42gyfEib+ejaRBJuj/3tQFeR5+gw57e4ipaU8c/rCjvX6fkQz2lyDlGAOg==
  dependencies:
    "@sindresorhus/is" "^4.0.0"
    "@szmarczak/http-timer" "^4.0.5"
    "@types/cacheable-request" "^6.0.1"
    "@types/responselike" "^1.0.0"
    cacheable-lookup "^5.0.3"
    cacheable-request "^7.0.2"
    decompress-response "^6.0.0"
    http2-wrapper "^1.0.0-beta.5.2"
    lowercase-keys "^2.0.0"
    p-cancelable "^2.0.0"
    responselike "^2.0.0"

http-cache-semantics@^4.0.0:
  version "4.1.0"
  resolved "https://registry.npmjs.org/http-cache-semantics/-/http-cache-semantics-4.1.0.tgz"
  integrity sha512-carPklcUh7ROWRK7Cv27RPtdhYhUsela/ue5/jKzjegVvXDqM2ILE9Q2BGn9JZJh1g87cp56su/FgQSzcWS8cQ==

http-parser-js@>=0.5.1:
  version "0.5.6"
  resolved "https://registry.npmjs.org/http-parser-js/-/http-parser-js-0.5.6.tgz"
  integrity sha512-vDlkRPDJn93swjcjqMSaGSPABbIarsr1TLAui/gLDXzV5VsJNdXNzMYDyNBLQkjWQCJ1uizu8T2oDMhmGt0PRA==

http2-wrapper@^1.0.0-beta.5.2:
  version "1.0.3"
  resolved "https://registry.npmjs.org/http2-wrapper/-/http2-wrapper-1.0.3.tgz"
  integrity sha512-V+23sDMr12Wnz7iTcDeJr3O6AIxlnvT/bmaAAAP/Xda35C90p9599p0F1eHR/N1KILWSoWVAiOMFjBBXaXSMxg==
  dependencies:
    quick-lru "^5.1.1"
    resolve-alpn "^1.0.0"

idb@3.0.2:
  version "3.0.2"
  resolved "https://registry.npmjs.org/idb/-/idb-3.0.2.tgz"
  integrity sha512-+FLa/0sTXqyux0o6C+i2lOR0VoS60LU/jzUo5xjfY6+7sEEgy4Gz1O7yFBXvjd7N0NyIGWIRg8DcQSLEG+VSPw==

is-fullwidth-code-point@^3.0.0:
  version "3.0.0"
  resolved "https://registry.npmjs.org/is-fullwidth-code-point/-/is-fullwidth-code-point-3.0.0.tgz"
  integrity sha512-zymm5+u+sCsSWyD9qNaejV3DFvhCKclKdizYaJUuHA83RLjb7nSuGnddCHGv0hk+KY7BMAlsWeK4Ueg6EV6XQg==

is-obj@^2.0.0:
  version "2.0.0"
  resolved "https://registry.npmjs.org/is-obj/-/is-obj-2.0.0.tgz"
  integrity sha512-drqDG3cbczxxEJRoOXcOjtdp1J/lyp1mNn0xaznRs8+muBhgQcrnbspox5X5fOw0HnMnbfDzvnEMEtqDEJEo8w==

json-buffer@3.0.1, json-buffer@~3.0.1:
  version "3.0.1"
  resolved "https://registry.npmjs.org/json-buffer/-/json-buffer-3.0.1.tgz"
  integrity sha512-4bV5BfR2mqfQTJm+V5tPPdf+ZpuhiIvTuAB5g8kcrXOZpTT/QwwVRWBywX1ozr6lEuPdbHxwaJlm9G6mI2sfSQ==

keyv@^4.0.0:
  version "4.2.2"
  resolved "https://registry.npmjs.org/keyv/-/keyv-4.2.2.tgz"
  integrity sha512-uYS0vKTlBIjNCAUqrjlxmruxOEiZxZIHXyp32sdcGmP+ukFrmWUnE//RcPXJH3Vxrni1H2gsQbjHE0bH7MtMQQ==
  dependencies:
    compress-brotli "^1.3.6"
    json-buffer "3.0.1"

lodash.camelcase@^4.3.0:
  version "4.3.0"
  resolved "https://registry.npmjs.org/lodash.camelcase/-/lodash.camelcase-4.3.0.tgz"
  integrity sha1-soqmKIorn8ZRA1x3EfZathkDMaY=

lodash.isarraybuffer@^4.4.1:
  version "4.4.1"
  resolved "https://registry.npmjs.org/lodash.isarraybuffer/-/lodash.isarraybuffer-4.4.1.tgz"
  integrity sha1-Tvag2a5SLnjWgPeNoAnC9fYeoy0=

lodash.isequal@^4.5.0:
  version "4.5.0"
  resolved "https://registry.npmjs.org/lodash.isequal/-/lodash.isequal-4.5.0.tgz"
  integrity sha1-QVxEePK8wwEgwizhDtMib30+GOA=

long@^4.0.0:
  version "4.0.0"
  resolved "https://registry.npmjs.org/long/-/long-4.0.0.tgz"
  integrity sha512-XsP+KhQif4bjX1kbuSiySJFNAehNxgLb6hPRGJ9QsUr8ajHkuXGdrHmFUTUUXhDwVX2R5bY4JNZEwbUiMhV+MA==

lowercase-keys@^2.0.0:
  version "2.0.0"
  resolved "https://registry.npmjs.org/lowercase-keys/-/lowercase-keys-2.0.0.tgz"
  integrity sha512-tqNXrS78oMOE73NMxK4EMLQsQowWf8jKooH9g7xPavRT706R6bkQJ6DY2Te7QukaZsulxa30wQ7bk0pm4XiHmA==

mime-db@1.52.0:
  version "1.52.0"
  resolved "https://registry.npmjs.org/mime-db/-/mime-db-1.52.0.tgz"
  integrity sha512-sPU4uV7dYlvtWJxwwxHD0PuihVNiE7TyAbQ5SWxDCB9mUYvOgroQOwYQQOKPJ8CIbE+1ETVlOoK1UC2nU3gYvg==

mime-types@^2.1.12:
  version "2.1.35"
  resolved "https://registry.npmjs.org/mime-types/-/mime-types-2.1.35.tgz"
  integrity sha512-ZDY+bPm5zTTF+YpCrAU9nK0UgICYPT0QtT1NZWFv4s++TNkcgVaT0g6+4R2uI4MjQjzysHB1zxuWL50hzaeXiw==
  dependencies:
    mime-db "1.52.0"

mimic-response@^1.0.0:
  version "1.0.1"
  resolved "https://registry.npmjs.org/mimic-response/-/mimic-response-1.0.1.tgz"
  integrity sha512-j5EctnkH7amfV/q5Hgmoal1g2QHFJRraOtmx0JpIqkxhBhI/lJSl1nMpQ45hVarwNETOoWEimndZ4QK0RHxuxQ==

mimic-response@^3.1.0:
  version "3.1.0"
  resolved "https://registry.npmjs.org/mimic-response/-/mimic-response-3.1.0.tgz"
  integrity sha512-z0yWI+4FDrrweS8Zmt4Ej5HdJmky15+L2e6Wgn3+iK5fWzb6T3fhNFq2+MeTRb064c6Wr4N/wv0DzQTjNzHNGQ==

moment-timezone@^0.5.x:
  version "0.5.34"
  resolved "https://registry.npmjs.org/moment-timezone/-/moment-timezone-0.5.34.tgz"
  integrity sha512-3zAEHh2hKUs3EXLESx/wsgw6IQdusOT8Bxm3D9UrHPQR7zlMmzwybC8zHEM1tQ4LJwP7fcxrWr8tuBg05fFCbg==
  dependencies:
    moment ">= 2.9.0"

"moment@>= 2.9.0", moment@>=2.14.0:
  version "2.29.2"
  resolved "https://registry.npmjs.org/moment/-/moment-2.29.2.tgz"
  integrity sha512-UgzG4rvxYpN15jgCmVJwac49h9ly9NurikMWGPdVxm8GZD6XjkKPxDTjQQ43gtGgnV3X0cAyWDdP2Wexoquifg==

node-addon-api@^4.3.0:
  version "4.3.0"
  resolved "https://registry.yarnpkg.com/node-addon-api/-/node-addon-api-4.3.0.tgz#52a1a0b475193e0928e98e0426a0d1254782b77f"
  integrity sha512-73sE9+3UaLYYFmDsFZnqCInzPyh3MqIwZO9cw58yIqAZhONrrabrYyYe3TuIqtIiOuTXVhsGau8hcrhhwSsDIQ==

node-fetch@2.6.7, node-fetch@^2.6.0, node-fetch@^2.6.1:
  version "2.6.7"
  resolved "https://registry.npmjs.org/node-fetch/-/node-fetch-2.6.7.tgz"
  integrity sha512-ZjMPFEfVx5j+y2yF35Kzx5sF7kDzxuDj6ziH4FFbOp87zKDZNx8yExJIb05OGF4Nlt9IHFIMBkRl41VdvcNdbQ==
  dependencies:
    whatwg-url "^5.0.0"

normalize-url@^6.0.1:
  version "6.1.0"
  resolved "https://registry.npmjs.org/normalize-url/-/normalize-url-6.1.0.tgz"
  integrity sha512-DlL+XwOy3NxAQ8xuC0okPgK46iuVNAK01YN7RueYBqqFeGsBjV9XmCAzAdgt+667bCl5kPh9EqKKDwnaPG1I7A==

once@^1.3.1, once@^1.4.0:
  version "1.4.0"
  resolved "https://registry.npmjs.org/once/-/once-1.4.0.tgz"
  integrity sha1-WDsap3WWHUsROsF9nFC6753Xa9E=
  dependencies:
    wrappy "1"

ow@^0.27.0:
  version "0.27.0"
  resolved "https://registry.npmjs.org/ow/-/ow-0.27.0.tgz"
  integrity sha512-SGnrGUbhn4VaUGdU0EJLMwZWSupPmF46hnTRII7aCLCrqixTAC5eKo8kI4/XXf1eaaI8YEVT+3FeGNJI9himAQ==
  dependencies:
    "@sindresorhus/is" "^4.0.1"
    callsites "^3.1.0"
    dot-prop "^6.0.1"
    lodash.isequal "^4.5.0"
    type-fest "^1.2.1"
    vali-date "^1.0.0"

p-cancelable@^2.0.0:
  version "2.1.1"
  resolved "https://registry.npmjs.org/p-cancelable/-/p-cancelable-2.1.1.tgz"
  integrity sha512-BZOr3nRQHOntUjTrH8+Lh54smKHoHyur8We1V8DSMVrl5A2malOOwuJRnKRDjSnkoeBh4at6BwEnb5I7Jl31wg==

promise-polyfill@8.1.3:
  version "8.1.3"
  resolved "https://registry.npmjs.org/promise-polyfill/-/promise-polyfill-8.1.3.tgz"
  integrity sha512-MG5r82wBzh7pSKDRa9y+vllNHz3e3d4CNj1PQE4BQYxLme0gKYYBm9YENq+UkEikyZ0XbiGWxYlVw3Rl9O/U8g==

protobufjs@^6.10.0:
  version "6.11.2"
  resolved "https://registry.npmjs.org/protobufjs/-/protobufjs-6.11.2.tgz"
  integrity sha512-4BQJoPooKJl2G9j3XftkIXjoC9C0Av2NOrWmbLWT1vH32GcSUHjM0Arra6UfTsVyfMAuFzaLucXn1sadxJydAw==
  dependencies:
    "@protobufjs/aspromise" "^1.1.2"
    "@protobufjs/base64" "^1.1.2"
    "@protobufjs/codegen" "^2.0.4"
    "@protobufjs/eventemitter" "^1.1.0"
    "@protobufjs/fetch" "^1.1.0"
    "@protobufjs/float" "^1.0.2"
    "@protobufjs/inquire" "^1.1.0"
    "@protobufjs/path" "^1.1.2"
    "@protobufjs/pool" "^1.1.0"
    "@protobufjs/utf8" "^1.1.0"
    "@types/long" "^4.0.1"
    "@types/node" ">=13.7.0"
    long "^4.0.0"

psl@^1.1.33:
  version "1.8.0"
  resolved "https://registry.npmjs.org/psl/-/psl-1.8.0.tgz"
  integrity sha512-RIdOzyoavK+hA18OGGWDqUTsCLhtA7IcZ/6NCs4fFJaHBDab+pDDmDIByWFRQJq2Cd7r1OoQxBGKOaztq+hjIQ==

pump@^3.0.0:
  version "3.0.0"
  resolved "https://registry.npmjs.org/pump/-/pump-3.0.0.tgz"
  integrity sha512-LwZy+p3SFs1Pytd/jYct4wpv49HiYCqd9Rlc5ZVdk0V+8Yzv6jR5Blk3TRmPL1ft69TxP0IMZGJ+WPFU2BFhww==
  dependencies:
    end-of-stream "^1.1.0"
    once "^1.3.1"

punycode@^2.1.1:
  version "2.1.1"
  resolved "https://registry.npmjs.org/punycode/-/punycode-2.1.1.tgz"
  integrity sha512-XRsRjdf+j5ml+y/6GKHPZbrF/8p2Yga0JPtdqTIY2Xe5ohJPD9saDJJLPvp9+NSBprVvevdXZybnj2cv8OEd0A==

quick-lru@^5.1.1:
  version "5.1.1"
  resolved "https://registry.npmjs.org/quick-lru/-/quick-lru-5.1.1.tgz"
  integrity sha512-WuyALRjWPDGtt/wzJiadO5AXY+8hZ80hVpe6MyivgraREW751X3SbhRvG3eLKOYN+8VEvqLcf3wdnt44Z4S4SA==

require-directory@^2.1.1:
  version "2.1.1"
  resolved "https://registry.npmjs.org/require-directory/-/require-directory-2.1.1.tgz"
  integrity sha1-jGStX9MNqxyXbiNE/+f3kqam30I=

resolve-alpn@^1.0.0:
  version "1.2.1"
  resolved "https://registry.npmjs.org/resolve-alpn/-/resolve-alpn-1.2.1.tgz"
  integrity sha512-0a1F4l73/ZFZOakJnQ3FvkJ2+gSTQWz/r2KE5OdDY0TxPm5h4GkqkWWfM47T7HsbnOtcJVEF4epCVy6u7Q3K+g==

responselike@^2.0.0:
  version "2.0.0"
  resolved "https://registry.npmjs.org/responselike/-/responselike-2.0.0.tgz"
  integrity sha512-xH48u3FTB9VsZw7R+vvgaKeLKzT6jOogbQhEe/jewwnZgzPcnyWui2Av6JpoYZF/91uueC+lqhWqeURw5/qhCw==
  dependencies:
    lowercase-keys "^2.0.0"

rss-parser@^3.12.0:
  version "3.12.0"
  resolved "https://registry.npmjs.org/rss-parser/-/rss-parser-3.12.0.tgz"
  integrity sha512-aqD3E8iavcCdkhVxNDIdg1nkBI17jgqF+9OqPS1orwNaOgySdpvq6B+DoONLhzjzwV8mWg37sb60e4bmLK117A==
  dependencies:
    entities "^2.0.3"
    xml2js "^0.4.19"

safe-buffer@>=5.1.0:
  version "5.2.1"
  resolved "https://registry.npmjs.org/safe-buffer/-/safe-buffer-5.2.1.tgz"
  integrity sha512-rp3So07KcdmmKbGvgaNxQSJr7bGVSVk5S9Eq1F+ppbRo70+YeaDxkw5Dd8NPN+GD6bjnYm2VuPuCXmpuYvmCXQ==

sax@>=0.6.0:
  version "1.2.4"
  resolved "https://registry.npmjs.org/sax/-/sax-1.2.4.tgz"
  integrity sha512-NqVDv9TpANUjFm0N8uM5GxL36UgKi9/atZw+x7YFnQ8ckwFGKrl4xX4yWtrey3UJm5nP1kUbnYgLopqWNSRhWw==

string-similarity@^4.0.4:
  version "4.0.4"
  resolved "https://registry.npmjs.org/string-similarity/-/string-similarity-4.0.4.tgz"
  integrity sha512-/q/8Q4Bl4ZKAPjj8WerIBJWALKkaPRfrvhfF8k/B23i4nzrlRj2/go1m90In7nG/3XDSbOo0+pu6RvCTM9RGMQ==

string-width@^4.1.0, string-width@^4.2.0:
  version "4.2.3"
  resolved "https://registry.npmjs.org/string-width/-/string-width-4.2.3.tgz"
  integrity sha512-wKyQRQpjJ0sIp62ErSZdGsjMJWsap5oRNihHhu6G7JVO/9jIB6UyevL+tXuOqrng8j/cxKTWyWUwvSTriiZz/g==
  dependencies:
    emoji-regex "^8.0.0"
    is-fullwidth-code-point "^3.0.0"
    strip-ansi "^6.0.1"

strip-ansi@^6.0.0, strip-ansi@^6.0.1:
  version "6.0.1"
  resolved "https://registry.npmjs.org/strip-ansi/-/strip-ansi-6.0.1.tgz"
  integrity sha512-Y38VPSHcqkFrCpFnQ9vuSXmquuv5oXOKpGeT6aGrr3o3Gc9AlVa6JBfUSOCnbxGGZF+/0ooI7KrPuUSztUdU5A==
  dependencies:
    ansi-regex "^5.0.1"

tough-cookie@^4.0.0:
  version "4.0.0"
  resolved "https://registry.npmjs.org/tough-cookie/-/tough-cookie-4.0.0.tgz"
  integrity sha512-tHdtEpQCMrc1YLrMaqXXcj6AxhYi/xgit6mZu1+EDWUn+qhUf8wMQoFIy9NXuq23zAwtcB0t/MjACGR18pcRbg==
  dependencies:
    psl "^1.1.33"
    punycode "^2.1.1"
    universalify "^0.1.2"

tr46@~0.0.3:
  version "0.0.3"
  resolved "https://registry.npmjs.org/tr46/-/tr46-0.0.3.tgz"
  integrity sha1-gYT9NH2snNwYWZLzpmIuFLnZq2o=

ts-mixer@^6.0.0:
  version "6.0.1"
  resolved "https://registry.npmjs.org/ts-mixer/-/ts-mixer-6.0.1.tgz"
  integrity sha512-hvE+ZYXuINrx6Ei6D6hz+PTim0Uf++dYbK9FFifLNwQj+RwKquhQpn868yZsCtJYiclZF1u8l6WZxxKi+vv7Rg==

tslib@^2.1.0, tslib@^2.3.0, tslib@^2.3.1:
  version "2.3.1"
  resolved "https://registry.npmjs.org/tslib/-/tslib-2.3.1.tgz"
  integrity sha512-77EbyPPpMz+FRFRuAFlWMtmgUWGe9UOG2Z25NqCwiIjRhOf5iKGuzSe5P2w1laq+FkRy4p+PCuVkJSGkzTEKVw==

type-fest@^1.2.1:
  version "1.4.0"
  resolved "https://registry.npmjs.org/type-fest/-/type-fest-1.4.0.tgz"
  integrity sha512-yGSza74xk0UG8k+pLh5oeoYirvIiWo5t0/o3zHHAO2tRDiZcxWP7fywNlXhqb6/r6sWvwi+RsyQMWhVLe4BVuA==

universalify@^0.1.2:
  version "0.1.2"
  resolved "https://registry.npmjs.org/universalify/-/universalify-0.1.2.tgz"
  integrity sha512-rBJeI5CXAlmy1pV+617WB9J63U6XcazHHF2f2dbJix4XzpUF0RS3Zbj0FGIOCAva5P/d/GBOYaACQ1w+0azUkg==

vali-date@^1.0.0:
  version "1.0.0"
  resolved "https://registry.npmjs.org/vali-date/-/vali-date-1.0.0.tgz"
  integrity sha1-G5BKWWCfsyjvB4E4Qgk09rhnCaY=

webidl-conversions@^3.0.0:
  version "3.0.1"
  resolved "https://registry.npmjs.org/webidl-conversions/-/webidl-conversions-3.0.1.tgz"
  integrity sha1-JFNCdeKnvGvnvIZhHMFq4KVlSHE=

websocket-driver@>=0.5.1:
  version "0.7.4"
  resolved "https://registry.npmjs.org/websocket-driver/-/websocket-driver-0.7.4.tgz"
  integrity sha512-b17KeDIQVjvb0ssuSDF2cYXSg2iztliJ4B9WdsuB6J952qCPKmnVq4DyW5motImXHDC1cBT/1UezrJVsKw5zjg==
  dependencies:
    http-parser-js ">=0.5.1"
    safe-buffer ">=5.1.0"
    websocket-extensions ">=0.1.1"

websocket-extensions@>=0.1.1:
  version "0.1.4"
  resolved "https://registry.npmjs.org/websocket-extensions/-/websocket-extensions-0.1.4.tgz"
  integrity sha512-OqedPIGOfsDlo31UNwYbCFMSaO9m9G/0faIHj5/dZFDMFqPTcx6UwqyOy3COEaEOg/9VsGIpdqn62W5KhoKSpg==

whatwg-fetch@2.0.4:
  version "2.0.4"
  resolved "https://registry.npmjs.org/whatwg-fetch/-/whatwg-fetch-2.0.4.tgz"
  integrity sha512-dcQ1GWpOD/eEQ97k66aiEVpNnapVj90/+R+SXTPYGHpYBBypfKJEQjLrvMZ7YXbKm21gXd4NcuxUTjiv1YtLng==

whatwg-url@^5.0.0:
  version "5.0.0"
  resolved "https://registry.npmjs.org/whatwg-url/-/whatwg-url-5.0.0.tgz"
  integrity sha1-lmRU6HZUYuN2RNNib2dCzotwll0=
  dependencies:
    tr46 "~0.0.3"
    webidl-conversions "^3.0.0"

wrap-ansi@^7.0.0:
  version "7.0.0"
  resolved "https://registry.npmjs.org/wrap-ansi/-/wrap-ansi-7.0.0.tgz"
  integrity sha512-YVGIj2kamLSTxw6NsZjoBxfSwsn0ycdesmc4p+Q21c5zPuZ1pl+NfxVdxPtdHvmNVOQ6XSYG4AUtyt/Fi7D16Q==
  dependencies:
    ansi-styles "^4.0.0"
    string-width "^4.1.0"
    strip-ansi "^6.0.0"

wrappy@1:
  version "1.0.2"
  resolved "https://registry.npmjs.org/wrappy/-/wrappy-1.0.2.tgz"
  integrity sha1-tSQ9jz7BqjXxNkYFvA0QNuMKtp8=

ws@^8.4.0:
  version "8.5.0"
  resolved "https://registry.npmjs.org/ws/-/ws-8.5.0.tgz"
  integrity sha512-BWX0SWVgLPzYwF8lTzEy1egjhS4S4OEAHfsO8o65WOVsrnSRGaSiUaa9e0ggGlkMTtBlmOpEXiie9RUcBO86qg==

xml2js@^0.4.19:
  version "0.4.23"
  resolved "https://registry.npmjs.org/xml2js/-/xml2js-0.4.23.tgz"
  integrity sha512-ySPiMjM0+pLDftHgXY4By0uswI3SPKLDw/i3UXbnO8M/p28zqexCUoPmQFrYD+/1BzhGJSs2i1ERWKJAtiLrug==
  dependencies:
    sax ">=0.6.0"
    xmlbuilder "~11.0.0"

xmlbuilder@~11.0.0:
  version "11.0.1"
  resolved "https://registry.npmjs.org/xmlbuilder/-/xmlbuilder-11.0.1.tgz"
  integrity sha512-fDlsI/kFEx7gLvbecc0/ohLG50fugQp8ryHzMTuW9vSa1GJ0XYWKnhsUx7oie3G98+r56aTQIUB4kht42R3JvA==

xmlhttprequest@1.8.0:
  version "1.8.0"
  resolved "https://registry.npmjs.org/xmlhttprequest/-/xmlhttprequest-1.8.0.tgz"
  integrity sha1-Z/4HXFwk/vOfnWX197f+dRcZaPw=

y18n@^5.0.5:
  version "5.0.8"
  resolved "https://registry.npmjs.org/y18n/-/y18n-5.0.8.tgz"
  integrity sha512-0pfFzegeDWJHJIAmTLRP2DwHjdF5s7jo9tuztdQxAhINCdvS+3nGINqPd00AphqJR/0LhANUS6/+7SCb98YOfA==

yargs-parser@^20.2.2:
  version "20.2.9"
  resolved "https://registry.npmjs.org/yargs-parser/-/yargs-parser-20.2.9.tgz"
  integrity sha512-y11nGElTIV+CT3Zv9t7VKl+Q3hTQoT9a1Qzezhhl6Rp21gJ/IVTW7Z3y9EWXhuUBC2Shnf+DX0antecpAwSP8w==

yargs@^16.2.0:
  version "16.2.0"
  resolved "https://registry.npmjs.org/yargs/-/yargs-16.2.0.tgz"
  integrity sha512-D1mvvtDG0L5ft/jGWkLpG1+m0eQxOfaBvTNELraWj22wSVUMWxZUvYgJYcKh6jGGIkJFhH4IZPQhR4TKpc8mBw==
  dependencies:
    cliui "^7.0.2"
    escalade "^3.1.1"
    get-caller-file "^2.0.5"
    require-directory "^2.1.1"
    string-width "^4.2.0"
    y18n "^5.0.5"
    yargs-parser "^20.2.2"

zod@^3.11.6:
  version "3.14.4"
  resolved "https://registry.npmjs.org/zod/-/zod-3.14.4.tgz"
  integrity sha512-U9BFLb2GO34Sfo9IUYp0w3wJLlmcyGoMd75qU9yf+DrdGA4kEx6e+l9KOkAlyUO0PSQzZCa3TR4qVlcmwqSDuw==
